
Microsoft Visual Studio Solution File, Format Version 12.00
# Visual Studio Version 17
VisualStudioVersion = 17.14.37328.6 d17.14
MinimumVisualStudioVersion = 10.0.40219.1
Project("{FAE04EC0-301F-11D3-BF4B-00C04F79EFBC}") = "Version", "Version.csproj", "{EBD477FA-DBAC-A3AE-B998-BD312E2975EB}"
EndProject
Global
	GlobalSection(SolutionConfigurationPlatforms) = preSolution
		Debug|Any CPU = Debug|Any CPU
		Release|Any CPU = Release|Any CPU
	EndGlobalSection
	GlobalSection(ProjectConfigurationPlatforms) = postSolution
		{EBD477FA-DBAC-A3AE-B998-BD312E2975EB}.Debug|Any CPU.ActiveCfg = Debug|Any CPU
		{EBD477FA-DBAC-A3AE-B998-BD312E2975EB}.Debug|Any CPU.Build.0 = Debug|Any CPU
		{EBD477FA-DBAC-A3AE-B998-BD312E2975EB}.Release|Any CPU.ActiveCfg = Release|Any CPU
		{EBD477FA-DBAC-A3AE-B998-BD312E2975EB}.Release|Any CPU.Build.0 = Release|Any CPU
	EndGlobalSection
	GlobalSection(SolutionProperties) = preSolution
		HideSolutionNode = FALSE
	EndGlobalSection
	GlobalSection(ExtensibilityGlobals) = postSolution
		SolutionGuid = {C6BACDF2-CD5F-45FD-8899-CB9C7B3E1BCD}
	EndGlobalSection
EndGlobal
